
Microsoft Visual Studio Solution File, Format Version 12.00
# Visual Studio Version 16
VisualStudioVersion = 16.0.29911.84
MinimumVisualStudioVersion = 10.0.40219.1
Project("{FAE04EC0-301F-11D3-BF4B-00C04F79EFBC}") = "Exercise1", "PlexureTechnicalExam\Exercise1.csproj", "{3BC70926-403B-49E1-AF9A-2019E579920D}"
EndProject
Global
	GlobalSection(SolutionConfigurationPlatforms) = preSolution
		Debug|Any CPU = Debug|Any CPU
		Release|Any CPU = Release|Any CPU
	EndGlobalSection
	GlobalSection(ProjectConfigurationPlatforms) = postSolution
		{3BC70926-403B-49E1-AF9A-2019E579920D}.Debug|Any CPU.ActiveCfg = Debug|Any CPU
		{3BC70926-403B-49E1-AF9A-2019E579920D}.Debug|Any CPU.Build.0 = Debug|Any CPU
		{3BC70926-403B-49E1-AF9A-2019E579920D}.Release|Any CPU.ActiveCfg = Release|Any CPU
		{3BC70926-403B-49E1-AF9A-2019E579920D}.Release|Any CPU.Build.0 = Release|Any CPU
	EndGlobalSection
	GlobalSection(SolutionProperties) = preSolution
		HideSolutionNode = FALSE
	EndGlobalSection
	GlobalSection(ExtensibilityGlobals) = postSolution
		SolutionGuid = {F4234A51-5BAA-4D06-AEBF-47F20D2C82AA}
	EndGlobalSection
EndGlobal
